// !$*UTF8*$!
{
	archiveVersion = 1;
	classes = {
	};
	objectVersion = 56;
	objects = {

/* Begin PBXBuildFile section */
		DB1F16432CD248E10005A73D /* challege2App.swift in Sources */ = {isa = PBXBuildFile; fileRef = DB1F16422CD248E10005A73D /* challege2App.swift */; };
		DB1F16472CD248E20005A73D /* Assets.xcassets in Resources */ = {isa = PBXBuildFile; fileRef = DB1F16462CD248E20005A73D /* Assets.xcassets */; };
		DB1F164A2CD248E20005A73D /* Preview Assets.xcassets in Resources */ = {isa = PBXBuildFile; fileRef = DB1F16492CD248E20005A73D /* Preview Assets.xcassets */; };
		DB1F16572CD249F20005A73D /* splash.swift in Sources */ = {isa = PBXBuildFile; fileRef = DB1F16562CD249F20005A73D /* splash.swift */; };
		DB1F167D2CD260B10005A73D /* plant.swift in Sources */ = {isa = PBXBuildFile; fileRef = DB1F167C2CD260B10005A73D /* plant.swift */; };
		DB4038262CD2765800D34467 /* add.swift in Sources */ = {isa = PBXBuildFile; fileRef = DB4038252CD2765800D34467 /* add.swift */; };
		DBAEA92F2D75CC070021C288 /* edit.swift in Sources */ = {isa = PBXBuildFile; fileRef = DBAEA92E2D75CC020021C288 /* edit.swift */; };
		DBAEA9312D75CC230021C288 /* Model.swift in Sources */ = {isa = PBXBuildFile; fileRef = DBAEA9302D75CC1E0021C288 /* Model.swift */; };
		DBAEA9332D75CC520021C288 /* ViewModel.swift in Sources */ = {isa = PBXBuildFile; fileRef = DBAEA9322D75CC470021C288 /* ViewModel.swift */; };
/* End PBXBuildFile section */

/* Begin PBXFileReference section */
		DB1F163F2CD248E00005A73D /* challege2.app */ = {isa = PBXFileReference; explicitFileType = wrapper.application; includeInIndex = 0; path = challege2.app; sourceTree = BUILT_PRODUCTS_DIR; };
		DB1F16422CD248E10005A73D /* challege2App.swift */ = {isa = PBXFileReference; lastKnownFileType = sourcecode.swift; path = challege2App.swift; sourceTree = "<group>"; };
		DB1F16462CD248E20005A73D /* Assets.xcassets */ = {isa = PBXFileReference; lastKnownFileType = folder.assetcatalog; path = Assets.xcassets; sourceTree = "<group>"; };
		DB1F16492CD248E20005A73D /* Preview Assets.xcassets */ = {isa = PBXFileReference; lastKnownFileType = folder.assetcatalog; path = "Preview Assets.xcassets"; sourceTree = "<group>"; };
		DB1F16562CD249F20005A73D /* splash.swift */ = {isa = PBXFileReference; lastKnownFileType = sourcecode.swift; path = splash.swift; sourceTree = "<group>"; };
		DB1F167C2CD260B10005A73D /* plant.swift */ = {isa = PBXFileReference; lastKnownFileType = sourcecode.swift; path = plant.swift; sourceTree = "<group>"; };
		DB4038252CD2765800D34467 /* add.swift */ = {isa = PBXFileReference; lastKnownFileType = sourcecode.swift; path = add.swift; sourceTree = "<group>"; };
		DBAEA92E2D75CC020021C288 /* edit.swift */ = {isa = PBXFileReference; lastKnownFileType = sourcecode.swift; path = edit.swift; sourceTree = "<group>"; };
		DBAEA9302D75CC1E0021C288 /* Model.swift */ = {isa = PBXFileReference; lastKnownFileType = sourcecode.swift; path = Model.swift; sourceTree = "<group>"; };
		DBAEA9322D75CC470021C288 /* ViewModel.swift */ = {isa = PBXFileReference; lastKnownFileType = sourcecode.swift; path = ViewModel.swift; sourceTree = "<group>"; };
/* End PBXFileReference section */

/* Begin PBXFrameworksBuildPhase section */
		DB1F163C2CD248E00005A73D /* Frameworks */ = {
			isa = PBXFrameworksBuildPhase;
			buildActionMask = 2147483647;
			files = (
			);
			runOnlyForDeploymentPostprocessing = 0;
		};
/* End PBXFrameworksBuildPhase section */

/* Begin PBXGroup section */
		DB1F16362CD248E00005A73D = {
			isa = PBXGroup;
			children = (
				DB1F16412CD248E00005A73D /* challege2 */,
				DB1F16402CD248E00005A73D /* Products */,
			);
			sourceTree = "<group>";
		};
		DB1F16402CD248E00005A73D /* Products */ = {
			isa = PBXGroup;
			children = (
				DB1F163F2CD248E00005A73D /* challege2.app */,
			);
			name = Products;
			sourceTree = "<group>";
		};
		DB1F16412CD248E00005A73D /* challege2 */ = {
			isa = PBXGroup;
			children = (
				DB1F16422CD248E10005A73D /* challege2App.swift */,
				DB1F16562CD249F20005A73D /* splash.swift */,
				DB1F167C2CD260B10005A73D /* plant.swift */,
				DB4038252CD2765800D34467 /* add.swift */,
				DBAEA92E2D75CC020021C288 /* edit.swift */,
				DBAEA9302D75CC1E0021C288 /* Model.swift */,
				DBAEA9322D75CC470021C288 /* ViewModel.swift */,
				DB1F16462CD248E20005A73D /* Assets.xcassets */,
				DB1F16482CD248E20005A73D /* Preview Content */,
			);
			path = challege2;
			sourceTree = "<group>";
		};
		DB1F16482CD248E20005A73D /* Preview Content */ = {
			isa = PBXGroup;
			children = (
				DB1F16492CD248E20005A73D /* Preview Assets.xcassets */,
			);
			path = "Preview Content";
			sourceTree = "<group>";
		};
/* End PBXGroup section */

/* Begin PBXNativeTarget section */
		DB1F163E2CD248E00005A73D /* challege2 */ = {
			isa = PBXNativeTarget;
			buildConfigurationList = DB1F164D2CD248E20005A73D /* Build configuration list for PBXNativeTarget "challege2" */;
			buildPhases = (
				DB1F163B2CD248E00005A73D /* Sources */,
				DB1F163C2CD248E00005A73D /* Frameworks */,
				DB1F163D2CD248E00005A73D /* Resources */,
			);
			buildRules = (
			);
			dependencies = (
			);
			name = challege2;
			productName = challege2;
			productReference = DB1F163F2CD248E00005A73D /* challege2.app */;
			productType = "com.apple.product-type.application";
		};
/* End PBXNativeTarget section */

/* Begin PBXProject section */
		DB1F16372CD248E00005A73D /* Project object */ = {
			isa = PBXProject;
			attributes = {
				BuildIndependentTargetsInParallel = 1;
				LastSwiftUpdateCheck = 1540;
				LastUpgradeCheck = 1540;
				TargetAttributes = {
					DB1F163E2CD248E00005A73D = {
						CreatedOnToolsVersion = 15.4;
					};
				};
			};
			buildConfigurationList = DB1F163A2CD248E00005A73D /* Build configuration list for PBXProject "challege2" */;
			compatibilityVersion = "Xcode 14.0";
			developmentRegion = en;
			hasScannedForEncodings = 0;
			knownRegions = (
				en,
				Base,
			);
			mainGroup = DB1F16362CD248E00005A73D;
			productRefGroup = DB1F16402CD248E00005A73D /* Products */;
			projectDirPath = "";
			projectRoot = "";
			targets = (
				DB1F163E2CD248E00005A73D /* challege2 */,
			);
		};
/* End PBXProject section */

/* Begin PBXResourcesBuildPhase section */
		DB1F163D2CD248E00005A73D /* Resources */ = {
			isa = PBXResourcesBuildPhase;
			buildActionMask = 2147483647;
			files = (
				DB1F164A2CD248E20005A73D /* Preview Assets.xcassets in Resources */,
				DB1F16472CD248E20005A73D /* Assets.xcassets in Resources */,
			);
			runOnlyForDeploymentPostprocessing = 0;
		};
/* End PBXResourcesBuildPhase section */

/* Begin PBXSourcesBuildPhase section */
		DB1F163B2CD248E00005A73D /* Sources */ = {
			isa = PBXSourcesBuildPhase;
			buildActionMask = 2147483647;
			files = (
				DB1F16572CD249F20005A73D /* splash.swift in Sources */,
				DB4038262CD2765800D34467 /* add.swift in Sources */,
				DB1F167D2CD260B10005A73D /* plant.swift in Sources */,
				DBAEA9312D75CC230021C288 /* Model.swift in Sources */,
				DB1F16432CD248E10005A73D /* challege2App.swift in Sources */,
				DBAEA92F2D75CC070021C288 /* edit.swift in Sources */,
				DBAEA9332D75CC520021C288 /* ViewModel.swift in Sources */,
			);
			runOnlyForDeploymentPostprocessing = 0;
		};
/* End PBXSourcesBuildPhase section */

/* Begin XCBuildConfiguration section */
		DB1F164B2CD248E20005A73D /* Debug */ = {
			isa = XCBuildConfiguration;
			buildSettings = {
				ALWAYS_SEARCH_USER_PATHS = NO;
				ASSETCATALOG_COMPILER_GENERATE_SWIFT_ASSET_SYMBOL_EXTENSIONS = YES;
				CLANG_ANALYZER_NONNULL = YES;
				CLANG_ANALYZER_NUMBER_OBJECT_CONVERSION = YES_AGGRESSIVE;
				CLANG_CXX_LANGUAGE_STANDARD = "gnu++20";
				CLANG_ENABLE_MODULES = YES;
				CLANG_ENABLE_OBJC_ARC = YES;
				CLANG_ENABLE_OBJC_WEAK = YES;
				CLANG_WARN_BLOCK_CAPTURE_AUTORELEASING = YES;
				CLANG_WARN_BOOL_CONVERSION = YES;
				CLANG_WARN_COMMA = YES;
				CLANG_WARN_CONSTANT_CONVERSION = YES;
				CLANG_WARN_DEPRECATED_OBJC_IMPLEMENTATIONS = YES;
				CLANG_WARN_DIRECT_OBJC_ISA_USAGE = YES_ERROR;
				CLANG_WARN_DOCUMENTATION_COMMENTS = YES;
				CLANG_WARN_EMPTY_BODY = YES;
				CLANG_WARN_ENUM_CONVERSION = YES;
				CLANG_WARN_INFINITE_RECURSION = YES;
				CLANG_WARN_INT_CONVERSION = YES;
				CLANG_WARN_NON_LITERAL_NULL_CONVERSION = YES;
				CLANG_WARN_OBJC_IMPLICIT_RETAIN_SELF = YES;
				CLANG_WARN_OBJC_LITERAL_CONVERSION = YES;
				CLANG_WARN_OBJC_ROOT_CLASS = YES_ERROR;
				CLANG_WARN_QUOTED_INCLUDE_IN_FRAMEWORK_HEADER = YES;
				CLANG_WARN_RANGE_LOOP_ANALYSIS = YES;
				CLANG_WARN_STRICT_PROTOTYPES = YES;
				CLANG_WARN_SUSPICIOUS_MOVE = YES;
				CLANG_WARN_UNGUARDED_AVAILABILITY = YES_AGGRESSIVE;
				CLANG_WARN_UNREACHABLE_CODE = YES;
				CLANG_WARN__DUPLICATE_METHOD_MATCH = YES;
				COPY_PHASE_STRIP = NO;
				DEBUG_INFORMATION_FORMAT = dwarf;
				ENABLE_STRICT_OBJC_MSGSEND = YES;
				ENABLE_TESTABILITY = YES;
				ENABLE_USER_SCRIPT_SANDBOXING = YES;
				GCC_C_LANGUAGE_STANDARD = gnu17;
				GCC_DYNAMIC_NO_PIC = NO;
				GCC_NO_COMMON_BLOCKS = YES;
				GCC_OPTIMIZATION_LEVEL = 0;
				GCC_PREPROCESSOR_DEFINITIONS = (
					"DEBUG=1",
					"$(inherited)",
				);
				GCC_WARN_64_TO_32_BIT_CONVERSION = YES;
				GCC_WARN_ABOUT_RETURN_TYPE = YES_ERROR;
				GCC_WARN_UNDECLARED_SELECTOR = YES;
				GCC_WARN_UNINITIALIZED_AUTOS = YES_AGGRESSIVE;
				GCC_WARN_UNUSED_FUNCTION = YES;
				GCC_WARN_UNUSED_VARIABLE = YES;
				IPHONEOS_DEPLOYMENT_TARGET = 17.5;
				LOCALIZATION_PREFERS_STRING_CATALOGS = YES;
				MTL_ENABLE_DEBUG_INFO = INCLUDE_SOURCE;
				MTL_FAST_MATH = YES;
				ONLY_ACTIVE_ARCH = YES;
				SDKROOT = iphoneos;
				SWIFT_ACTIVE_COMPILATION_CONDITIONS = "DEBUG $(inherited)";
				SWIFT_OPTIMIZATION_LEVEL = "-Onone";
			};
			name = Debug;
		};
		DB1F164C2CD248E20005A73D /* Release */ = {
			isa = XCBuildConfiguration;
			buildSettings = {
				ALWAYS_SEARCH_USER_PATHS = NO;
				ASSETCATALOG_COMPILER_GENERATE_SWIFT_ASSET_SYMBOL_EXTENSIONS = YES;
				CLANG_ANALYZER_NONNULL = YES;
				CLANG_ANALYZER_NUMBER_OBJECT_CONVERSION = YES_AGGRESSIVE;
				CLANG_CXX_LANGUAGE_STANDARD = "gnu++20";
				CLANG_ENABLE_MODULES = YES;
				CLANG_ENABLE_OBJC_ARC = YES;
				CLANG_ENABLE_OBJC_WEAK = YES;
				CLANG_WARN_BLOCK_CAPTURE_AUTORELEASING = YES;
				CLANG_WARN_BOOL_CONVERSION = YES;
				CLANG_WARN_COMMA = YES;
				CLANG_WARN_CONSTANT_CONVERSION = YES;
				CLANG_WARN_DEPRECATED_OBJC_IMPLEMENTATIONS = YES;
				CLANG_WARN_DIRECT_OBJC_ISA_USAGE = YES_ERROR;
				CLANG_WARN_DOCUMENTATION_COMMENTS = YES;
				CLANG_WARN_EMPTY_BODY = YES;
				CLANG_WARN_ENUM_CONVERSION = YES;
				CLANG_WARN_INFINITE_RECURSION = YES;
				CLANG_WARN_INT_CONVERSION = YES;
				CLANG_WARN_NON_LITERAL_NULL_CONVERSION = YES;
				CLANG_WARN_OBJC_IMPLICIT_RETAIN_SELF = YES;
				CLANG_WARN_OBJC_LITERAL_CONVERSION = YES;
				CLANG_WARN_OBJC_ROOT_CLASS = YES_ERROR;
				CLANG_WARN_QUOTED_INCLUDE_IN_FRAMEWORK_HEADER = YES;
				CLANG_WARN_RANGE_LOOP_ANALYSIS = YES;
				CLANG_WARN_STRICT_PROTOTYPES = YES;
				CLANG_WARN_SUSPICIOUS_MOVE = YES;
				CLANG_WARN_UNGUARDED_AVAILABILITY = YES_AGGRESSIVE;
				CLANG_WARN_UNREACHABLE_CODE = YES;
				CLANG_WARN__DUPLICATE_METHOD_MATCH = YES;
				COPY_PHASE_STRIP = NO;
				DEBUG_INFORMATION_FORMAT = "dwarf-with-dsym";
				ENABLE_NS_ASSERTIONS = NO;
				ENABLE_STRICT_OBJC_MSGSEND = YES;
				ENABLE_USER_SCRIPT_SANDBOXING = YES;
				GCC_C_LANGUAGE_STANDARD = gnu17;
				GCC_NO_COMMON_BLOCKS = YES;
				GCC_WARN_64_TO_32_BIT_CONVERSION = YES;
				GCC_WARN_ABOUT_RETURN_TYPE = YES_ERROR;
				GCC_WARN_UNDECLARED_SELECTOR = YES;
				GCC_WARN_UNINITIALIZED_AUTOS = YES_AGGRESSIVE;
				GCC_WARN_UNUSED_FUNCTION = YES;
				GCC_WARN_UNUSED_VARIABLE = YES;
				IPHONEOS_DEPLOYMENT_TARGET = 17.5;
				LOCALIZATION_PREFERS_STRING_CATALOGS = YES;
				MTL_ENABLE_DEBUG_INFO = NO;
				MTL_FAST_MATH = YES;
				SDKROOT = iphoneos;
				SWIFT_COMPILATION_MODE = wholemodule;
				VALIDATE_PRODUCT = YES;
			};
			name = Release;
		};
		DB1F164E2CD248E20005A73D /* Debug */ = {
			isa = XCBuildConfiguration;
			buildSettings = {
				ASSETCATALOG_COMPILER_APPICON_NAME = AppIcon;
				ASSETCATALOG_COMPILER_GLOBAL_ACCENT_COLOR_NAME = AccentColor;
				CODE_SIGN_STYLE = Automatic;
				CURRENT_PROJECT_VERSION = 1;
				DEVELOPMENT_ASSET_PATHS = "\"challege2/Preview Content\"";
				DEVELOPMENT_TEAM = JVLPJUA9KD;
				ENABLE_PREVIEWS = YES;
				GENERATE_INFOPLIST_FILE = YES;
				INFOPLIST_KEY_UIApplicationSceneManifest_Generation = YES;
				INFOPLIST_KEY_UIApplicationSupportsIndirectInputEvents = YES;
				INFOPLIST_KEY_UILaunchScreen_Generation = YES;
				INFOPLIST_KEY_UISupportedInterfaceOrientations_iPad = "UIInterfaceOrientationPortrait UIInterfaceOrientationPortraitUpsideDown UIInterfaceOrientationLandscapeLeft UIInterfaceOrientationLandscapeRight";
				INFOPLIST_KEY_UISupportedInterfaceOrientations_iPhone = "UIInterfaceOrientationPortrait UIInterfaceOrientationLandscapeLeft UIInterfaceOrientationLandscapeRight";
				LD_RUNPATH_SEARCH_PATHS = (
					"$(inherited)",
					"@executable_path/Frameworks",
				);
				MARKETING_VERSION = 1.0;
				PRODUCT_BUNDLE_IDENTIFIER = twq.challege2;
				PRODUCT_NAME = "$(TARGET_NAME)";
				SWIFT_EMIT_LOC_STRINGS = YES;
				SWIFT_VERSION = 5.0;
				TARGETED_DEVICE_FAMILY = "1,2";
			};
			name = Debug;
		};
		DB1F164F2CD248E20005A73D /* Release */ = {
			isa = XCBuildConfiguration;
			buildSettings = {
				ASSETCATALOG_COMPILER_APPICON_NAME = AppIcon;
				ASSETCATALOG_COMPILER_GLOBAL_ACCENT_COLOR_NAME = AccentColor;
				CODE_SIGN_STYLE = Automatic;
				CURRENT_PROJECT_VERSION = 1;
				DEVELOPMENT_ASSET_PATHS = "\"challege2/Preview Content\"";
				DEVELOPMENT_TEAM = JVLPJUA9KD;
				ENABLE_PREVIEWS = YES;
				GENERATE_INFOPLIST_FILE = YES;
				INFOPLIST_KEY_UIApplicationSceneManifest_Generation = YES;
				INFOPLIST_KEY_UIApplicationSupportsIndirectInputEvents = YES;
				INFOPLIST_KEY_UILaunchScreen_Generation = YES;
				INFOPLIST_KEY_UISupportedInterfaceOrientations_iPad = "UIInterfaceOrientationPortrait UIInterfaceOrientationPortraitUpsideDown UIInterfaceOrientationLandscapeLeft UIInterfaceOrientationLandscapeRight";
				INFOPLIST_KEY_UISupportedInterfaceOrientations_iPhone = "UIInterfaceOrientationPortrait UIInterfaceOrientationLandscapeLeft UIInterfaceOrientationLandscapeRight";
				LD_RUNPATH_SEARCH_PATHS = (
					"$(inherited)",
					"@executable_path/Frameworks",
				);
				MARKETING_VERSION = 1.0;
				PRODUCT_BUNDLE_IDENTIFIER = twq.challege2;
				PRODUCT_NAME = "$(TARGET_NAME)";
				SWIFT_EMIT_LOC_STRINGS = YES;
				SWIFT_VERSION = 5.0;
				TARGETED_DEVICE_FAMILY = "1,2";
			};
			name = Release;
		};
/* End XCBuildConfiguration section */

/* Begin XCConfigurationList section */
		DB1F163A2CD248E00005A73D /* Build configuration list for PBXProject "challege2" */ = {
			isa = XCConfigurationList;
			buildConfigurations = (
				DB1F164B2CD248E20005A73D /* Debug */,
				DB1F164C2CD248E20005A73D /* Release */,
			);
			defaultConfigurationIsVisible = 0;
			defaultConfigurationName = Release;
		};
		DB1F164D2CD248E20005A73D /* Build configuration list for PBXNativeTarget "challege2" */ = {
			isa = XCConfigurationList;
			buildConfigurations = (
				DB1F164E2CD248E20005A73D /* Debug */,
				DB1F164F2CD248E20005A73D /* Release */,
			);
			defaultConfigurationIsVisible = 0;
			defaultConfigurationName = Release;
		};
/* End XCConfigurationList section */
	};
	rootObject = DB1F16372CD248E00005A73D /* Project object */;
}
